
Microsoft Visual Studio Solution File, Format Version 12.00
# Visual Studio Version 17
VisualStudioVersion = 17.3.32825.248
MinimumVisualStudioVersion = 10.0.40219.1
Project("{FAE04EC0-301F-11D3-BF4B-00C04F79EFBC}") = "Course_Front-end", "Course_Front-end\Course_Front-end.csproj", "{827B40E3-118C-4166-8EE0-97D7488BF9DD}"
EndProject
Global
	GlobalSection(SolutionConfigurationPlatforms) = preSolution
		Debug|Any CPU = Debug|Any CPU
		Release|Any CPU = Release|Any CPU
	EndGlobalSection
	GlobalSection(ProjectConfigurationPlatforms) = postSolution
		{827B40E3-118C-4166-8EE0-97D7488BF9DD}.Debug|Any CPU.ActiveCfg = Debug|Any CPU
		{827B40E3-118C-4166-8EE0-97D7488BF9DD}.Debug|Any CPU.Build.0 = Debug|Any CPU
		{827B40E3-118C-4166-8EE0-97D7488BF9DD}.Release|Any CPU.ActiveCfg = Release|Any CPU
		{827B40E3-118C-4166-8EE0-97D7488BF9DD}.Release|Any CPU.Build.0 = Release|Any CPU
	EndGlobalSection
	GlobalSection(SolutionProperties) = preSolution
		HideSolutionNode = FALSE
	EndGlobalSection
	GlobalSection(ExtensibilityGlobals) = postSolution
		SolutionGuid = {EBE096E5-5271-41B1-A31F-8BCFB5C4BAB6}
	EndGlobalSection
EndGlobal
